
Microsoft Visual Studio Solution File, Format Version 12.00
# Visual Studio 15
VisualStudioVersion = 15.0.26228.4
MinimumVisualStudioVersion = 10.0.40219.1
Project("{FAE04EC0-301F-11D3-BF4B-00C04F79EFBC}") = "Vema.Authorization.Portal", "src\Vema.Authorization.Portal\Vema.Authorization.Portal.csproj", "{DFC05355-C123-4130-9FBB-B2DB1E4CAEAC}"
EndProject
Project("{FAE04EC0-301F-11D3-BF4B-00C04F79EFBC}") = "Vema.Authorization.Portal.AcceptanceTests", "test\Vema.Authorization.Portal.AcceptanceTests\Vema.Authorization.Portal.AcceptanceTests.csproj", "{5BCE98A4-A42D-4617-9A62-FCE24E64D619}"
	ProjectSection(ProjectDependencies) = postProject
		{DFC05355-C123-4130-9FBB-B2DB1E4CAEAC} = {DFC05355-C123-4130-9FBB-B2DB1E4CAEAC}
	EndProjectSection
EndProject
Project("{FAE04EC0-301F-11D3-BF4B-00C04F79EFBC}") = "Vema.Authorization.Server", "src\Vema.Authorization.Server\Vema.Authorization.Server.csproj", "{3E1D4721-4C72-4845-AE27-13582296AF91}"
	ProjectSection(ProjectDependencies) = postProject
		{DFC05355-C123-4130-9FBB-B2DB1E4CAEAC} = {DFC05355-C123-4130-9FBB-B2DB1E4CAEAC}
	EndProjectSection
EndProject
Project("{FAE04EC0-301F-11D3-BF4B-00C04F79EFBC}") = "Vema.Authorization.Server.AcceptanceTests", "test\Vema.Authorization.Server.AcceptanceTests\Vema.Authorization.Server.AcceptanceTests.csproj", "{DAB22BA1-A049-4964-B756-5627FBC3F0D8}"
	ProjectSection(ProjectDependencies) = postProject
		{3E1D4721-4C72-4845-AE27-13582296AF91} = {3E1D4721-4C72-4845-AE27-13582296AF91}
		{DFC05355-C123-4130-9FBB-B2DB1E4CAEAC} = {DFC05355-C123-4130-9FBB-B2DB1E4CAEAC}
	EndProjectSection
EndProject
Project("{FAE04EC0-301F-11D3-BF4B-00C04F79EFBC}") = "Vema.Authorization.Clients", "src\Vema.Authorization.Clients\Vema.Authorization.Clients.csproj", "{4535BC74-9867-46A8-83F7-DAD9135CDCBB}"
EndProject
Project("{FAE04EC0-301F-11D3-BF4B-00C04F79EFBC}") = "Vema.Authorization.Clients.AcceptanceTests", "test\Vema.Authorization.Clients.AcceptanceTests\Vema.Authorization.Clients.AcceptanceTests.csproj", "{78DA6E86-6714-4B77-AC7D-4167957707DE}"
EndProject
Project("{FAE04EC0-301F-11D3-BF4B-00C04F79EFBC}") = "Microsoft.Extensions.Logging.Testing", "vendors\Microsoft.Extensions.Logging.Testing\Microsoft.Extensions.Logging.Testing.csproj", "{775571FE-B70E-4331-9840-75CADA61541B}"
EndProject
Project("{FAE04EC0-301F-11D3-BF4B-00C04F79EFBC}") = "Vema.Portal", "src\Vema.Portal\Vema.Portal.csproj", "{AC4AD547-07B9-43B7-9A91-B801F491646E}"
EndProject
Project("{FAE04EC0-301F-11D3-BF4B-00C04F79EFBC}") = "Vema.Server", "src\Vema.Server\Vema.Server.csproj", "{9DFC16C3-806E-4A2E-8510-33188CC87AE2}"
EndProject
Project("{FAE04EC0-301F-11D3-BF4B-00C04F79EFBC}") = "Vema.Management.Portal", "src\Vema.Management.Portal\Vema.Management.Portal.csproj", "{292188A1-7919-4794-AF1E-36DA5DCD2C57}"
EndProject
Project("{FAE04EC0-301F-11D3-BF4B-00C04F79EFBC}") = "Vema.Management.Server", "src\Vema.Management.Server\Vema.Management.Server.csproj", "{8B20CBC2-0DC1-45B3-AEF3-8208623F981B}"
EndProject
Global
	GlobalSection(SolutionConfigurationPlatforms) = preSolution
		Debug|Any CPU = Debug|Any CPU
		Release|Any CPU = Release|Any CPU
	EndGlobalSection
	GlobalSection(ProjectConfigurationPlatforms) = postSolution
		{DFC05355-C123-4130-9FBB-B2DB1E4CAEAC}.Debug|Any CPU.ActiveCfg = Debug|Any CPU
		{DFC05355-C123-4130-9FBB-B2DB1E4CAEAC}.Debug|Any CPU.Build.0 = Debug|Any CPU
		{DFC05355-C123-4130-9FBB-B2DB1E4CAEAC}.Release|Any CPU.ActiveCfg = Release|Any CPU
		{DFC05355-C123-4130-9FBB-B2DB1E4CAEAC}.Release|Any CPU.Build.0 = Release|Any CPU
		{5BCE98A4-A42D-4617-9A62-FCE24E64D619}.Debug|Any CPU.ActiveCfg = Debug|Any CPU
		{5BCE98A4-A42D-4617-9A62-FCE24E64D619}.Debug|Any CPU.Build.0 = Debug|Any CPU
		{5BCE98A4-A42D-4617-9A62-FCE24E64D619}.Release|Any CPU.ActiveCfg = Release|Any CPU
		{5BCE98A4-A42D-4617-9A62-FCE24E64D619}.Release|Any CPU.Build.0 = Release|Any CPU
		{3E1D4721-4C72-4845-AE27-13582296AF91}.Debug|Any CPU.ActiveCfg = Debug|Any CPU
		{3E1D4721-4C72-4845-AE27-13582296AF91}.Debug|Any CPU.Build.0 = Debug|Any CPU
		{3E1D4721-4C72-4845-AE27-13582296AF91}.Release|Any CPU.ActiveCfg = Release|Any CPU
		{3E1D4721-4C72-4845-AE27-13582296AF91}.Release|Any CPU.Build.0 = Release|Any CPU
		{DAB22BA1-A049-4964-B756-5627FBC3F0D8}.Debug|Any CPU.ActiveCfg = Debug|Any CPU
		{DAB22BA1-A049-4964-B756-5627FBC3F0D8}.Debug|Any CPU.Build.0 = Debug|Any CPU
		{DAB22BA1-A049-4964-B756-5627FBC3F0D8}.Release|Any CPU.ActiveCfg = Release|Any CPU
		{DAB22BA1-A049-4964-B756-5627FBC3F0D8}.Release|Any CPU.Build.0 = Release|Any CPU
		{4535BC74-9867-46A8-83F7-DAD9135CDCBB}.Debug|Any CPU.ActiveCfg = Debug|Any CPU
		{4535BC74-9867-46A8-83F7-DAD9135CDCBB}.Debug|Any CPU.Build.0 = Debug|Any CPU
		{4535BC74-9867-46A8-83F7-DAD9135CDCBB}.Release|Any CPU.ActiveCfg = Release|Any CPU
		{4535BC74-9867-46A8-83F7-DAD9135CDCBB}.Release|Any CPU.Build.0 = Release|Any CPU
		{78DA6E86-6714-4B77-AC7D-4167957707DE}.Debug|Any CPU.ActiveCfg = Debug|Any CPU
		{78DA6E86-6714-4B77-AC7D-4167957707DE}.Debug|Any CPU.Build.0 = Debug|Any CPU
		{78DA6E86-6714-4B77-AC7D-4167957707DE}.Release|Any CPU.ActiveCfg = Release|Any CPU
		{78DA6E86-6714-4B77-AC7D-4167957707DE}.Release|Any CPU.Build.0 = Release|Any CPU
		{775571FE-B70E-4331-9840-75CADA61541B}.Debug|Any CPU.ActiveCfg = Debug|Any CPU
		{775571FE-B70E-4331-9840-75CADA61541B}.Debug|Any CPU.Build.0 = Debug|Any CPU
		{775571FE-B70E-4331-9840-75CADA61541B}.Release|Any CPU.ActiveCfg = Release|Any CPU
		{775571FE-B70E-4331-9840-75CADA61541B}.Release|Any CPU.Build.0 = Release|Any CPU
		{AC4AD547-07B9-43B7-9A91-B801F491646E}.Debug|Any CPU.ActiveCfg = Debug|Any CPU
		{AC4AD547-07B9-43B7-9A91-B801F491646E}.Debug|Any CPU.Build.0 = Debug|Any CPU
		{AC4AD547-07B9-43B7-9A91-B801F491646E}.Release|Any CPU.ActiveCfg = Release|Any CPU
		{AC4AD547-07B9-43B7-9A91-B801F491646E}.Release|Any CPU.Build.0 = Release|Any CPU
		{9DFC16C3-806E-4A2E-8510-33188CC87AE2}.Debug|Any CPU.ActiveCfg = Debug|Any CPU
		{9DFC16C3-806E-4A2E-8510-33188CC87AE2}.Debug|Any CPU.Build.0 = Debug|Any CPU
		{9DFC16C3-806E-4A2E-8510-33188CC87AE2}.Release|Any CPU.ActiveCfg = Release|Any CPU
		{9DFC16C3-806E-4A2E-8510-33188CC87AE2}.Release|Any CPU.Build.0 = Release|Any CPU
		{292188A1-7919-4794-AF1E-36DA5DCD2C57}.Debug|Any CPU.ActiveCfg = Debug|Any CPU
		{292188A1-7919-4794-AF1E-36DA5DCD2C57}.Debug|Any CPU.Build.0 = Debug|Any CPU
		{292188A1-7919-4794-AF1E-36DA5DCD2C57}.Release|Any CPU.ActiveCfg = Release|Any CPU
		{292188A1-7919-4794-AF1E-36DA5DCD2C57}.Release|Any CPU.Build.0 = Release|Any CPU
		{8B20CBC2-0DC1-45B3-AEF3-8208623F981B}.Debug|Any CPU.ActiveCfg = Debug|Any CPU
		{8B20CBC2-0DC1-45B3-AEF3-8208623F981B}.Debug|Any CPU.Build.0 = Debug|Any CPU
		{8B20CBC2-0DC1-45B3-AEF3-8208623F981B}.Release|Any CPU.ActiveCfg = Release|Any CPU
		{8B20CBC2-0DC1-45B3-AEF3-8208623F981B}.Release|Any CPU.Build.0 = Release|Any CPU
	EndGlobalSection
	GlobalSection(SolutionProperties) = preSolution
		HideSolutionNode = FALSE
	EndGlobalSection
EndGlobal
